
Microsoft Visual Studio Solution File, Format Version 12.00
# Visual Studio 15
VisualStudioVersion = 15.0.27130.2024
MinimumVisualStudioVersion = 10.0.40219.1
Project("{8BC9CEB8-8B4A-11D0-8D11-00A0C91BC942}") = "QtRadar", "QtRadar\QtRadar.vcxproj", "{9B297625-0298-47D3-8CE9-CE7D24A66323}"
EndProject
Project("{8BC9CEB8-8B4A-11D0-8D11-00A0C91BC942}") = "testqt", "testqt\testqt.vcxproj", "{EF7B274E-099D-345C-B6DA-83D54239C222}"
EndProject
Global
	GlobalSection(SolutionConfigurationPlatforms) = preSolution
		Debug|x64 = Debug|x64
		Debug|x86 = Debug|x86
		Release|x64 = Release|x64
		Release|x86 = Release|x86
	EndGlobalSection
	GlobalSection(ProjectConfigurationPlatforms) = postSolution
		{9B297625-0298-47D3-8CE9-CE7D24A66323}.Debug|x64.ActiveCfg = Debug|x64
		{9B297625-0298-47D3-8CE9-CE7D24A66323}.Debug|x64.Build.0 = Debug|x64
		{9B297625-0298-47D3-8CE9-CE7D24A66323}.Debug|x86.ActiveCfg = Debug|x64
		{9B297625-0298-47D3-8CE9-CE7D24A66323}.Release|x64.ActiveCfg = Release|x64
		{9B297625-0298-47D3-8CE9-CE7D24A66323}.Release|x64.Build.0 = Release|x64
		{9B297625-0298-47D3-8CE9-CE7D24A66323}.Release|x86.ActiveCfg = Release|x64
		{EF7B274E-099D-345C-B6DA-83D54239C222}.Debug|x64.ActiveCfg = Debug|x64
		{EF7B274E-099D-345C-B6DA-83D54239C222}.Debug|x64.Build.0 = Debug|x64
		{EF7B274E-099D-345C-B6DA-83D54239C222}.Debug|x86.ActiveCfg = Debug|x64
		{EF7B274E-099D-345C-B6DA-83D54239C222}.Release|x64.ActiveCfg = Release|x64
		{EF7B274E-099D-345C-B6DA-83D54239C222}.Release|x64.Build.0 = Release|x64
		{EF7B274E-099D-345C-B6DA-83D54239C222}.Release|x86.ActiveCfg = Release|x64
	EndGlobalSection
	GlobalSection(SolutionProperties) = preSolution
		HideSolutionNode = FALSE
	EndGlobalSection
	GlobalSection(ExtensibilityGlobals) = postSolution
		SolutionGuid = {9CB8837A-3376-4274-8F83-5C89F716F8DA}
	EndGlobalSection
EndGlobal
